
Microsoft Visual Studio Solution File, Format Version 12.00
# Visual Studio 15
VisualStudioVersion = 15.0.27004.2009
MinimumVisualStudioVersion = 10.0.40219.1
Project("{2150E333-8FDC-42A3-9474-1A3956D46DE8}") = "dependencies", "dependencies", "{799A5437-62C7-4385-95CC-ADEB4177B3FA}"
EndProject
Project("{2150E333-8FDC-42A3-9474-1A3956D46DE8}") = "unit.test", "unit.test", "{C46E9FBF-3520-4EAF-9CF4-F94272BF4FC2}"
EndProject
Project("{2150E333-8FDC-42A3-9474-1A3956D46DE8}") = "Solution Items", "Solution Items", "{5D5FA217-25F5-4EF5-BADA-7691B883E274}"
EndProject
Project("{2150E333-8FDC-42A3-9474-1A3956D46DE8}") = "domain", "domain", "{FDE463BE-30E0-4A3A-8B34-4E4C02F3D186}"
EndProject
Project("{2150E333-8FDC-42A3-9474-1A3956D46DE8}") = "web", "web", "{402F5682-5851-4DC5-AC3D-B176A302BBE1}"
EndProject
Project("{2150E333-8FDC-42A3-9474-1A3956D46DE8}") = ".nuget", ".nuget", "{F1AD165B-1A46-4B5A-9711-D73FF7104796}"
	ProjectSection(SolutionItems) = preProject
		.nuget\NuGet.exe = .nuget\NuGet.exe
		.nuget\NuGet.targets = .nuget\NuGet.targets
	EndProjectSection
EndProject
Project("{FAE04EC0-301F-11D3-BF4B-00C04F79EFBC}") = "domain.test", "source\unit.test\domain.test\domain.test.csproj", "{E3A54166-4231-47E7-BA4C-A391CDD6937D}"
EndProject
Project("{FAE04EC0-301F-11D3-BF4B-00C04F79EFBC}") = "domain.sph", "source\domain\domain.sph\domain.sph.csproj", "{7BF1DE5A-3756-4A31-8B82-491C71D263D7}"
EndProject
Project("{FAE04EC0-301F-11D3-BF4B-00C04F79EFBC}") = "core.sph", "source\web\core.sph\core.sph.csproj", "{A2B488B2-A536-49DF-9741-B87BDD745D8F}"
EndProject
Project("{FAE04EC0-301F-11D3-BF4B-00C04F79EFBC}") = "web.sph", "source\web\web.sph\web.sph.csproj", "{C9DB83CE-B03C-467B-BB8E-AE7D69EE8F18}"
EndProject
Project("{2150E333-8FDC-42A3-9474-1A3956D46DE8}") = "gulp-tasks", "gulp-tasks", "{62885FB2-C06E-42F6-8C0C-D9425A9BA774}"
	ProjectSection(SolutionItems) = preProject
		tasks\corejs.js = tasks\corejs.js
		tasks\css.bundle.dev.js = tasks\css.bundle.dev.js
		tasks\css.bundle.js = tasks\css.bundle.js
		tasks\domainjs.js = tasks\domainjs.js
		tasks\js.bundle.js = tasks\js.bundle.js
		tasks\jsplumb.css.bundle.js = tasks\jsplumb.css.bundle.js
		tasks\less.js = tasks\less.js
		tasks\md.js = tasks\md.js
		tasks\partialjs.js = tasks\partialjs.js
		tasks\vendor.js.dev.js = tasks\vendor.js.dev.js
		tasks\vendorjs.js = tasks\vendorjs.js
	EndProjectSection
EndProject
Project("{2150E333-8FDC-42A3-9474-1A3956D46DE8}") = "powershell-scripts", "powershell-scripts", "{3D23747E-CA65-4FCD-95CA-CCE10C3095BD}"
	ProjectSection(SolutionItems) = preProject
		Build.Version.1.ps1 = Build.Version.1.ps1
		CompileEntityDefinition.ps1 = CompileEntityDefinition.ps1
		CopyDependencies.ps1 = CopyDependencies.ps1
		CopyOutput.ps1 = CopyOutput.ps1
		Create-SphInstallPackage.ps1 = Create-SphInstallPackage.ps1
		Create-SphUpdate7zPackageOnly.ps1 = Create-SphUpdate7zPackageOnly.ps1
		Create-SphUpdatePackage.ps1 = Create-SphUpdatePackage.ps1
		Ftp-SphUpdatePackage.ps1 = Ftp-SphUpdatePackage.ps1
		Get-WorklfowQueueLength.ps1 = Get-WorklfowQueueLength.ps1
		restore-package.ps1 = restore-package.ps1
		RunControlCenter.ps1 = RunControlCenter.ps1
		SetUpV1Environment.ps1 = SetUpV1Environment.ps1
		x_archive-assets.ps1 = x_archive-assets.ps1
	EndProjectSection
EndProject
Project("{FAE04EC0-301F-11D3-BF4B-00C04F79EFBC}") = "webapi.common", "source\web\webapi.common\webapi.common.csproj", "{2A396BF5-09BD-4AE9-B6DE-CF93AEE99D66}"
EndProject
Global
	GlobalSection(SolutionConfigurationPlatforms) = preSolution
		Debug|Any CPU = Debug|Any CPU
		Release|Any CPU = Release|Any CPU
	EndGlobalSection
	GlobalSection(ProjectConfigurationPlatforms) = postSolution
		{E3A54166-4231-47E7-BA4C-A391CDD6937D}.Debug|Any CPU.ActiveCfg = Debug|Any CPU
		{E3A54166-4231-47E7-BA4C-A391CDD6937D}.Debug|Any CPU.Build.0 = Debug|Any CPU
		{E3A54166-4231-47E7-BA4C-A391CDD6937D}.Release|Any CPU.ActiveCfg = Release|Any CPU
		{E3A54166-4231-47E7-BA4C-A391CDD6937D}.Release|Any CPU.Build.0 = Release|Any CPU
		{7BF1DE5A-3756-4A31-8B82-491C71D263D7}.Debug|Any CPU.ActiveCfg = Debug|Any CPU
		{7BF1DE5A-3756-4A31-8B82-491C71D263D7}.Debug|Any CPU.Build.0 = Debug|Any CPU
		{7BF1DE5A-3756-4A31-8B82-491C71D263D7}.Release|Any CPU.ActiveCfg = Release|Any CPU
		{7BF1DE5A-3756-4A31-8B82-491C71D263D7}.Release|Any CPU.Build.0 = Release|Any CPU
		{A2B488B2-A536-49DF-9741-B87BDD745D8F}.Debug|Any CPU.ActiveCfg = Debug|Any CPU
		{A2B488B2-A536-49DF-9741-B87BDD745D8F}.Debug|Any CPU.Build.0 = Debug|Any CPU
		{A2B488B2-A536-49DF-9741-B87BDD745D8F}.Release|Any CPU.ActiveCfg = Release|Any CPU
		{A2B488B2-A536-49DF-9741-B87BDD745D8F}.Release|Any CPU.Build.0 = Release|Any CPU
		{C9DB83CE-B03C-467B-BB8E-AE7D69EE8F18}.Debug|Any CPU.ActiveCfg = Debug|Any CPU
		{C9DB83CE-B03C-467B-BB8E-AE7D69EE8F18}.Debug|Any CPU.Build.0 = Debug|Any CPU
		{C9DB83CE-B03C-467B-BB8E-AE7D69EE8F18}.Release|Any CPU.ActiveCfg = Release|Any CPU
		{C9DB83CE-B03C-467B-BB8E-AE7D69EE8F18}.Release|Any CPU.Build.0 = Release|Any CPU
		{2A396BF5-09BD-4AE9-B6DE-CF93AEE99D66}.Debug|Any CPU.ActiveCfg = Debug|Any CPU
		{2A396BF5-09BD-4AE9-B6DE-CF93AEE99D66}.Debug|Any CPU.Build.0 = Debug|Any CPU
		{2A396BF5-09BD-4AE9-B6DE-CF93AEE99D66}.Release|Any CPU.ActiveCfg = Release|Any CPU
		{2A396BF5-09BD-4AE9-B6DE-CF93AEE99D66}.Release|Any CPU.Build.0 = Release|Any CPU
	EndGlobalSection
	GlobalSection(SolutionProperties) = preSolution
		HideSolutionNode = FALSE
	EndGlobalSection
	GlobalSection(NestedProjects) = preSolution
		{E3A54166-4231-47E7-BA4C-A391CDD6937D} = {C46E9FBF-3520-4EAF-9CF4-F94272BF4FC2}
		{7BF1DE5A-3756-4A31-8B82-491C71D263D7} = {FDE463BE-30E0-4A3A-8B34-4E4C02F3D186}
		{A2B488B2-A536-49DF-9741-B87BDD745D8F} = {402F5682-5851-4DC5-AC3D-B176A302BBE1}
		{C9DB83CE-B03C-467B-BB8E-AE7D69EE8F18} = {402F5682-5851-4DC5-AC3D-B176A302BBE1}
		{62885FB2-C06E-42F6-8C0C-D9425A9BA774} = {5D5FA217-25F5-4EF5-BADA-7691B883E274}
		{3D23747E-CA65-4FCD-95CA-CCE10C3095BD} = {5D5FA217-25F5-4EF5-BADA-7691B883E274}
		{2A396BF5-09BD-4AE9-B6DE-CF93AEE99D66} = {402F5682-5851-4DC5-AC3D-B176A302BBE1}
	EndGlobalSection
	GlobalSection(ExtensibilityGlobals) = postSolution
		SolutionGuid = {08B515D3-30D2-4D6F-BF24-2E2A1E520463}
	EndGlobalSection
EndGlobal
