
Microsoft Visual Studio Solution File, Format Version 12.00
# Visual Studio 14
VisualStudioVersion = 14.0.24720.0
MinimumVisualStudioVersion = 10.0.40219.1
Project("{2150E333-8FDC-42A3-9474-1A3956D46DE8}") = "dependencies", "dependencies", "{799A5437-62C7-4385-95CC-ADEB4177B3FA}"
EndProject
Project("{2150E333-8FDC-42A3-9474-1A3956D46DE8}") = "unit.test", "unit.test", "{C46E9FBF-3520-4EAF-9CF4-F94272BF4FC2}"
EndProject
Project("{2150E333-8FDC-42A3-9474-1A3956D46DE8}") = "Solution Items", "Solution Items", "{5D5FA217-25F5-4EF5-BADA-7691B883E274}"
	ProjectSection(SolutionItems) = preProject
		Performance1.psess = Performance1.psess
		WE-Markdown.css = WE-Markdown.css
	EndProjectSection
EndProject
Project("{2150E333-8FDC-42A3-9474-1A3956D46DE8}") = "domain", "domain", "{FDE463BE-30E0-4A3A-8B34-4E4C02F3D186}"
EndProject
Project("{2150E333-8FDC-42A3-9474-1A3956D46DE8}") = "web", "web", "{402F5682-5851-4DC5-AC3D-B176A302BBE1}"
EndProject
Project("{2150E333-8FDC-42A3-9474-1A3956D46DE8}") = ".nuget", ".nuget", "{F1AD165B-1A46-4B5A-9711-D73FF7104796}"
	ProjectSection(SolutionItems) = preProject
		.nuget\NuGet.exe = .nuget\NuGet.exe
		.nuget\NuGet.targets = .nuget\NuGet.targets
	EndProjectSection
EndProject
Project("{FAE04EC0-301F-11D3-BF4B-00C04F79EFBC}") = "rabbitmq.changepublisher", "source\dependencies\rabbitmq.changepublisher\rabbitmq.changepublisher.csproj", "{CD3B01AB-CCC4-4324-AC06-9E0EC3DF4C2F}"
EndProject
Project("{2150E333-8FDC-42A3-9474-1A3956D46DE8}") = "subscribers", "subscribers", "{A179698A-C1A1-4F6D-8662-EFDCA0BAA982}"
EndProject
Project("{FAE04EC0-301F-11D3-BF4B-00C04F79EFBC}") = "subscriber.infrastructure", "source\subscribers\subscriber.infrastructure\subscriber.infrastructure.csproj", "{40892CEA-FD47-4C1F-B821-7939776E9B6B}"
EndProject
Project("{FAE04EC0-301F-11D3-BF4B-00C04F79EFBC}") = "sql.repository", "source\dependencies\sql.repository\sql.repository.csproj", "{79494592-2FE0-429E-8F79-CB97863378DC}"
EndProject
Project("{FAE04EC0-301F-11D3-BF4B-00C04F79EFBC}") = "workers.console.runner", "source\subscribers\workers.console.runner\workers.console.runner.csproj", "{F67CF883-208D-4721-B1B0-0625D7FA07D1}"
EndProject
Project("{FAE04EC0-301F-11D3-BF4B-00C04F79EFBC}") = "word.document.generator", "source\dependencies\word.document.generator\word.document.generator.csproj", "{3C83CD91-EF5C-46AB-A5E0-EE038A608A62}"
EndProject
Project("{2150E333-8FDC-42A3-9474-1A3956D46DE8}") = "tools", "tools", "{DB65484E-BE1F-4944-B216-4A57026360EB}"
EndProject
Project("{2150E333-8FDC-42A3-9474-1A3956D46DE8}") = "scheduler", "scheduler", "{3AE34720-8DD6-4332-9DF7-9E16A79B94A1}"
EndProject
Project("{FAE04EC0-301F-11D3-BF4B-00C04F79EFBC}") = "domain.test", "source\unit.test\domain.test\domain.test.csproj", "{E3A54166-4231-47E7-BA4C-A391CDD6937D}"
EndProject
Project("{FAE04EC0-301F-11D3-BF4B-00C04F79EFBC}") = "razor.template", "source\dependencies\razor.template\razor.template.csproj", "{2072379B-B40A-4D0E-A2E7-8FA8BF40C0AB}"
EndProject
Project("{FAE04EC0-301F-11D3-BF4B-00C04F79EFBC}") = "subscriber.test", "source\unit.test\subscriber.test\subscriber.test.csproj", "{748FB901-3754-49E4-8E31-D09005CBA44E}"
EndProject
Project("{FAE04EC0-301F-11D3-BF4B-00C04F79EFBC}") = "roslyn.scriptengine", "source\dependencies\roslyn.scriptengine\roslyn.scriptengine.csproj", "{E32D7760-5A94-4A0F-8354-52223C593A8E}"
EndProject
Project("{FAE04EC0-301F-11D3-BF4B-00C04F79EFBC}") = "subscriber.trigger", "source\subscribers\subscriber.trigger\subscriber.trigger.csproj", "{119D14EE-D942-404B-A02F-BD338C7935AD}"
EndProject
Project("{FAE04EC0-301F-11D3-BF4B-00C04F79EFBC}") = "subscriber.watcher", "source\subscribers\subscriber.watcher\subscriber.watcher.csproj", "{0D512B46-42FE-4492-948C-1212BA371969}"
EndProject
Project("{FAE04EC0-301F-11D3-BF4B-00C04F79EFBC}") = "report.sqldatasource", "source\dependencies\report.sqldatasource\report.sqldatasource.csproj", "{437B3E80-3801-40D5-B81A-AC85166CE619}"
EndProject
Project("{FAE04EC0-301F-11D3-BF4B-00C04F79EFBC}") = "domain.sph", "source\domain\domain.sph\domain.sph.csproj", "{7BF1DE5A-3756-4A31-8B82-491C71D263D7}"
EndProject
Project("{FAE04EC0-301F-11D3-BF4B-00C04F79EFBC}") = "subscriber.elasticsearch.indexer", "source\subscribers\subscriber.elasticsearch.indexer\subscriber.elasticsearch.indexer.csproj", "{F63B8AF9-E4AE-45D4-BADF-47C217FEFABA}"
EndProject
Project("{FAE04EC0-301F-11D3-BF4B-00C04F79EFBC}") = "assembly.test", "source\unit.test\assembly.test\assembly.test.csproj", "{6EB844DB-9982-4ECF-8C83-7947020AE988}"
EndProject
Project("{FAE04EC0-301F-11D3-BF4B-00C04F79EFBC}") = "generate.template.test", "source\unit.test\generate.template.test\generate.template.test.csproj", "{4F59766C-BB3B-42D4-AB37-0E676E19350E}"
EndProject
Project("{FAE04EC0-301F-11D3-BF4B-00C04F79EFBC}") = "subscriber.workflow", "source\subscribers\subscriber.workflow\subscriber.workflow.csproj", "{DED2389A-20EE-48B2-B43B-04D6460969BD}"
EndProject
Project("{FAE04EC0-301F-11D3-BF4B-00C04F79EFBC}") = "email.service", "source\dependencies\email.service\email.service.csproj", "{097534BC-30B9-47F7-AFAD-021EBA277417}"
EndProject
Project("{FAE04EC0-301F-11D3-BF4B-00C04F79EFBC}") = "sqlmembership.directoryservices", "source\dependencies\sqlmembership.directoryservices\sqlmembership.directoryservices.csproj", "{285B165C-D05C-4D3D-9B3D-4917A603063C}"
EndProject
Project("{FAE04EC0-301F-11D3-BF4B-00C04F79EFBC}") = "windows.taskschedulers", "source\dependencies\windows.taskschedulers\windows.taskschedulers.csproj", "{375D917B-DBF4-4671-BA96-028E7DE91B06}"
EndProject
Project("{FAE04EC0-301F-11D3-BF4B-00C04F79EFBC}") = "taskscheduler.test", "source\unit.test\taskscheduler.test\taskscheduler.test.csproj", "{5FFA1B80-CFCE-438C-B123-B14A1C0C9A89}"
EndProject
Project("{FAE04EC0-301F-11D3-BF4B-00C04F79EFBC}") = "scheduler.delayactivity", "source\scheduler\scheduler.delayactivity\scheduler.delayactivity.csproj", "{38481343-B6BC-4343-9224-94869AE622C3}"
EndProject
Project("{FAE04EC0-301F-11D3-BF4B-00C04F79EFBC}") = "subscriber.workflowscheduler", "source\subscribers\subscriber.workflowscheduler\subscriber.workflowscheduler.csproj", "{60EB3DC3-0AB1-4B19-B2B5-2A5FD7BF2C5A}"
EndProject
Project("{FAE04EC0-301F-11D3-BF4B-00C04F79EFBC}") = "scheduler.workflow.trigger", "source\scheduler\scheduler.workflow.trigger\scheduler.workflow.trigger.csproj", "{A6439B8B-A87A-46EB-A810-F0A4003D0CF4}"
EndProject
Project("{FAE04EC0-301F-11D3-BF4B-00C04F79EFBC}") = "subscriber.report.delivery", "source\subscribers\subscriber.report.delivery\subscriber.report.delivery.csproj", "{7AE89A7A-ECDE-4F05-AC81-436943B2E158}"
EndProject
Project("{FAE04EC0-301F-11D3-BF4B-00C04F79EFBC}") = "scheduler.report.delivery", "source\scheduler\scheduler.report.delivery\scheduler.report.delivery.csproj", "{E9D069CF-DFB8-4BCB-ADFC-58D0121FDF00}"
EndProject
Project("{FAE04EC0-301F-11D3-BF4B-00C04F79EFBC}") = "subscriber.deletedelay", "source\subscribers\subscriber.deletedelay\subscriber.deletedelay.csproj", "{1E8336CB-CD29-4686-97FB-23E919D5B75F}"
EndProject
Project("{FAE04EC0-301F-11D3-BF4B-00C04F79EFBC}") = "workers.windowsservice.runner", "source\subscribers\workers.windowsservice.runner\workers.windowsservice.runner.csproj", "{A1374622-3E8E-4575-8FFA-26D29BF8DD99}"
EndProject
Project("{FAE04EC0-301F-11D3-BF4B-00C04F79EFBC}") = "core.sph", "source\web\core.sph\core.sph.csproj", "{A2B488B2-A536-49DF-9741-B87BDD745D8F}"
EndProject
Project("{FAE04EC0-301F-11D3-BF4B-00C04F79EFBC}") = "web.sph", "source\web\web.sph\web.sph.csproj", "{C9DB83CE-B03C-467B-BB8E-AE7D69EE8F18}"
EndProject
Project("{FAE04EC0-301F-11D3-BF4B-00C04F79EFBC}") = "subscriber.entities", "source\subscribers\subscriber.entities\subscriber.entities.csproj", "{954AD880-4C7D-4DEE-9455-3A670FE9767B}"
EndProject
Project("{FAE04EC0-301F-11D3-BF4B-00C04F79EFBC}") = "sqlrepository.test", "source\unit.test\sqlrepository.test\sqlrepository.test.csproj", "{45BE956C-0E3C-4472-9331-1704ED096898}"
EndProject
Project("{FAE04EC0-301F-11D3-BF4B-00C04F79EFBC}") = "subscriber.version.control", "source\subscribers\subscriber.version.control\subscriber.version.control.csproj", "{7E89287E-0C17-4F8A-8A1D-9219972A5AE0}"
EndProject
Project("{FAE04EC0-301F-11D3-BF4B-00C04F79EFBC}") = "sph.builder", "source\tools\sph.builder\sph.builder.csproj", "{A78D7CDB-780A-47E4-97FE-105688E80FC4}"
EndProject
Project("{FAE04EC0-301F-11D3-BF4B-00C04F79EFBC}") = "control.center", "source\tools\control.center\control.center.csproj", "{DF17CFE9-7689-47E4-9378-69D1E5F36EEE}"
EndProject
Project("{FAE04EC0-301F-11D3-BF4B-00C04F79EFBC}") = "offline.generator", "source\tools\offline.generator\offline.generator.csproj", "{7AC6CC32-81CB-450F-A494-9FFBDA05C626}"
EndProject
Project("{FAE04EC0-301F-11D3-BF4B-00C04F79EFBC}") = "csproj.gen", "source\tools\csproj.gen\csproj.gen.csproj", "{B1414AF0-5B5A-4129-A997-0BDE4B8C2C94}"
EndProject
Project("{2150E333-8FDC-42A3-9474-1A3956D46DE8}") = "adapters", "adapters", "{B9C4C533-8EA0-4DD0-887E-4C5734F27238}"
EndProject
Project("{FAE04EC0-301F-11D3-BF4B-00C04F79EFBC}") = "http.adapter", "source\adapters\http.adapter\http.adapter.csproj", "{E9B0A836-06F6-4B09-8B53-BFEE0B75224F}"
EndProject
Project("{FAE04EC0-301F-11D3-BF4B-00C04F79EFBC}") = "mysql.adapter", "source\adapters\mysql.adapter\mysql.adapter.csproj", "{83839DC2-9B27-4DAE-8111-0FB481FBA0A8}"
EndProject
Project("{FAE04EC0-301F-11D3-BF4B-00C04F79EFBC}") = "oracle.adapter", "source\adapters\oracle.adapter\oracle.adapter.csproj", "{4D432CD3-BAB4-40E9-AFD2-3187B791E9AA}"
EndProject
Project("{FAE04EC0-301F-11D3-BF4B-00C04F79EFBC}") = "sqlserver.adapter", "source\adapters\sqlserver.adapter\sqlserver.adapter.csproj", "{66FE46F2-986C-4B7C-A440-CCC1AE37784B}"
EndProject
Project("{FAE04EC0-301F-11D3-BF4B-00C04F79EFBC}") = "http.adapter.test", "source\unit.test\http.adapter.test\http.adapter.test.csproj", "{56197651-69AB-403A-B789-D8D770BD91EE}"
EndProject
Project("{FAE04EC0-301F-11D3-BF4B-00C04F79EFBC}") = "oracle.adapter.test", "source\unit.test\oracle.adapter.test\oracle.adapter.test.csproj", "{139E3D20-B79C-478D-B3BB-BC9BB01F32D0}"
EndProject
Project("{FAE04EC0-301F-11D3-BF4B-00C04F79EFBC}") = "subscriber.persistence", "source\subscribers\subscriber.persistence\subscriber.persistence.csproj", "{2B120D6E-DF82-4AC9-ACC9-1363249B8E13}"
EndProject
Project("{FAE04EC0-301F-11D3-BF4B-00C04F79EFBC}") = "trigger.action.messaging", "source\domain\trigger.action.messaging\trigger.action.messaging.csproj", "{529768DA-DF59-416B-B180-EE5F742474F9}"
EndProject
Project("{FAE04EC0-301F-11D3-BF4B-00C04F79EFBC}") = "mysql.adpater.test", "source\unit.test\mysql.adpater.test\mysql.adpater.test.csproj", "{590DC146-6BA1-4202-995D-9E46951A0E57}"
EndProject
Project("{FAE04EC0-301F-11D3-BF4B-00C04F79EFBC}") = "dead.letter.viewer", "source\tools\dead.letter.viewer\dead.letter.viewer.csproj", "{1FB70D66-D1D2-46B5-8C95-83B7A770781E}"
EndProject
Project("{FAE04EC0-301F-11D3-BF4B-00C04F79EFBC}") = "elasticsearch.logger", "source\dependencies\elasticsearch.logger\elasticsearch.logger.csproj", "{4DB11B5C-2618-4E36-A2FF-2AA4CB328483}"
EndProject
Project("{FAE04EC0-301F-11D3-BF4B-00C04F79EFBC}") = "adapter.csproj.gen", "source\tools\adapter.csproj.gen\adapter.csproj.gen.csproj", "{201D4EED-C13C-4645-8EFF-7310ADAC4911}"
EndProject
Project("{FAE04EC0-301F-11D3-BF4B-00C04F79EFBC}") = "sqlserver.adapter.test", "source\unit.test\sqlserver.adapter.test\sqlserver.adapter.test.csproj", "{EFB2E2E9-B069-4507-9F39-5FAA1DE3DDE2}"
EndProject
Project("{FAE04EC0-301F-11D3-BF4B-00C04F79EFBC}") = "mapping.transformation.test", "source\unit.test\mapping.transformation.test\mapping.transformation.test.csproj", "{FF531004-0787-4331-8565-BC930F44BBB7}"
EndProject
Project("{2150E333-8FDC-42A3-9474-1A3956D46DE8}") = "functoids", "functoids", "{AC63E1AA-495D-4BD9-AF56-810DA6CBB5E2}"
EndProject
Project("{FAE04EC0-301F-11D3-BF4B-00C04F79EFBC}") = "database.lookup", "source\functoids\database.lookup\database.lookup.csproj", "{7CDCE5A4-B007-4B88-B7B0-5CD463AE9304}"
EndProject
Project("{FAE04EC0-301F-11D3-BF4B-00C04F79EFBC}") = "mapping.compiler", "source\tools\mapping.compiler\mapping.compiler.csproj", "{A0FF000A-3E32-48A6-B815-2A99665C1934}"
EndProject
Project("{FAE04EC0-301F-11D3-BF4B-00C04F79EFBC}") = "web.console.logger", "source\dependencies\web.console.logger\web.console.logger.csproj", "{BA3B12B1-2758-489E-AEAA-37F3516DB0E0}"
EndProject
Project("{FAE04EC0-301F-11D3-BF4B-00C04F79EFBC}") = "sqlcmd", "source\tools\sqlcmd\sqlcmd.csproj", "{0E76CF28-C1A8-417C-B672-10B6E0AFF102}"
EndProject
Project("{2150E333-8FDC-42A3-9474-1A3956D46DE8}") = "gulp-tasks", "gulp-tasks", "{62885FB2-C06E-42F6-8C0C-D9425A9BA774}"
	ProjectSection(SolutionItems) = preProject
		tasks\corejs.js = tasks\corejs.js
		tasks\css.bundle.js = tasks\css.bundle.js
		tasks\domainjs.js = tasks\domainjs.js
		tasks\jsplumb.css.bundle.js = tasks\jsplumb.css.bundle.js
		tasks\less.js = tasks\less.js
		tasks\md.js = tasks\md.js
		tasks\partialjs.js = tasks\partialjs.js
		tasks\vendorjs.js = tasks\vendorjs.js
	EndProjectSection
EndProject
Project("{FAE04EC0-301F-11D3-BF4B-00C04F79EFBC}") = "database.lookup.mysql", "source\functoids\database_mysql.lookup\database.lookup.mysql.csproj", "{404C2FFA-F10F-44D6-9B83-49A0D291BD3D}"
EndProject
Project("{FAE04EC0-301F-11D3-BF4B-00C04F79EFBC}") = "memory.broker", "source\dependencies\memory.broker\memory.broker.csproj", "{2A472945-6847-41C6-8722-1F5EEEB1A46D}"
EndProject
Project("{FAE04EC0-301F-11D3-BF4B-00C04F79EFBC}") = "broker.test", "source\unit.test\broker.test\broker.test.csproj", "{B0BA38FC-6151-4E91-9467-B4308D2003C0}"
EndProject
Project("{FAE04EC0-301F-11D3-BF4B-00C04F79EFBC}") = "raygun.logger", "source\dependencies\raygun.logger\raygun.logger.csproj", "{A530B972-73AD-4C5B-A8A0-E0059FA3E103}"
EndProject
Project("{FAE04EC0-301F-11D3-BF4B-00C04F79EFBC}") = "Jsbeautifier", "source\dependencies\Jsbeautifier\Jsbeautifier.csproj", "{0FF8FEA3-04FB-475C-9F56-D9337652C05A}"
EndProject
Project("{FAE04EC0-301F-11D3-BF4B-00C04F79EFBC}") = "flatfile.adapter", "source\adapters\flatfile.adapter\flatfile.adapter.csproj", "{305043FB-253C-462E-806D-0714340464CC}"
EndProject
Project("{FAE04EC0-301F-11D3-BF4B-00C04F79EFBC}") = "flatfile.adapter.test", "source\unit.test\flatfile.adapter.test\flatfile.adapter.test.csproj", "{3C2C025D-5A91-425C-A32C-0DD5398E4E14}"
EndProject
Project("{FAE04EC0-301F-11D3-BF4B-00C04F79EFBC}") = "member.convert", "source\tools\member.convert\member.convert.csproj", "{30D10FBA-D93E-4C5A-B7C3-1392F89838D5}"
EndProject
Global
	GlobalSection(SolutionConfigurationPlatforms) = preSolution
		Debug|Any CPU = Debug|Any CPU
		Release|Any CPU = Release|Any CPU
	EndGlobalSection
	GlobalSection(ProjectConfigurationPlatforms) = postSolution
		{CD3B01AB-CCC4-4324-AC06-9E0EC3DF4C2F}.Debug|Any CPU.ActiveCfg = Debug|Any CPU
		{CD3B01AB-CCC4-4324-AC06-9E0EC3DF4C2F}.Debug|Any CPU.Build.0 = Debug|Any CPU
		{CD3B01AB-CCC4-4324-AC06-9E0EC3DF4C2F}.Release|Any CPU.ActiveCfg = Release|Any CPU
		{CD3B01AB-CCC4-4324-AC06-9E0EC3DF4C2F}.Release|Any CPU.Build.0 = Release|Any CPU
		{40892CEA-FD47-4C1F-B821-7939776E9B6B}.Debug|Any CPU.ActiveCfg = Debug|Any CPU
		{40892CEA-FD47-4C1F-B821-7939776E9B6B}.Debug|Any CPU.Build.0 = Debug|Any CPU
		{40892CEA-FD47-4C1F-B821-7939776E9B6B}.Release|Any CPU.ActiveCfg = Release|Any CPU
		{40892CEA-FD47-4C1F-B821-7939776E9B6B}.Release|Any CPU.Build.0 = Release|Any CPU
		{79494592-2FE0-429E-8F79-CB97863378DC}.Debug|Any CPU.ActiveCfg = Debug|Any CPU
		{79494592-2FE0-429E-8F79-CB97863378DC}.Debug|Any CPU.Build.0 = Debug|Any CPU
		{79494592-2FE0-429E-8F79-CB97863378DC}.Release|Any CPU.ActiveCfg = Release|Any CPU
		{79494592-2FE0-429E-8F79-CB97863378DC}.Release|Any CPU.Build.0 = Release|Any CPU
		{F67CF883-208D-4721-B1B0-0625D7FA07D1}.Debug|Any CPU.ActiveCfg = Debug|Any CPU
		{F67CF883-208D-4721-B1B0-0625D7FA07D1}.Debug|Any CPU.Build.0 = Debug|Any CPU
		{F67CF883-208D-4721-B1B0-0625D7FA07D1}.Release|Any CPU.ActiveCfg = Release|Any CPU
		{F67CF883-208D-4721-B1B0-0625D7FA07D1}.Release|Any CPU.Build.0 = Release|Any CPU
		{3C83CD91-EF5C-46AB-A5E0-EE038A608A62}.Debug|Any CPU.ActiveCfg = Debug|Any CPU
		{3C83CD91-EF5C-46AB-A5E0-EE038A608A62}.Debug|Any CPU.Build.0 = Debug|Any CPU
		{3C83CD91-EF5C-46AB-A5E0-EE038A608A62}.Release|Any CPU.ActiveCfg = Release|Any CPU
		{3C83CD91-EF5C-46AB-A5E0-EE038A608A62}.Release|Any CPU.Build.0 = Release|Any CPU
		{E3A54166-4231-47E7-BA4C-A391CDD6937D}.Debug|Any CPU.ActiveCfg = Debug|Any CPU
		{E3A54166-4231-47E7-BA4C-A391CDD6937D}.Debug|Any CPU.Build.0 = Debug|Any CPU
		{E3A54166-4231-47E7-BA4C-A391CDD6937D}.Release|Any CPU.ActiveCfg = Release|Any CPU
		{E3A54166-4231-47E7-BA4C-A391CDD6937D}.Release|Any CPU.Build.0 = Release|Any CPU
		{2072379B-B40A-4D0E-A2E7-8FA8BF40C0AB}.Debug|Any CPU.ActiveCfg = Debug|Any CPU
		{2072379B-B40A-4D0E-A2E7-8FA8BF40C0AB}.Debug|Any CPU.Build.0 = Debug|Any CPU
		{2072379B-B40A-4D0E-A2E7-8FA8BF40C0AB}.Release|Any CPU.ActiveCfg = Release|Any CPU
		{2072379B-B40A-4D0E-A2E7-8FA8BF40C0AB}.Release|Any CPU.Build.0 = Release|Any CPU
		{748FB901-3754-49E4-8E31-D09005CBA44E}.Debug|Any CPU.ActiveCfg = Debug|Any CPU
		{748FB901-3754-49E4-8E31-D09005CBA44E}.Debug|Any CPU.Build.0 = Debug|Any CPU
		{748FB901-3754-49E4-8E31-D09005CBA44E}.Release|Any CPU.ActiveCfg = Release|Any CPU
		{748FB901-3754-49E4-8E31-D09005CBA44E}.Release|Any CPU.Build.0 = Release|Any CPU
		{E32D7760-5A94-4A0F-8354-52223C593A8E}.Debug|Any CPU.ActiveCfg = Debug|Any CPU
		{E32D7760-5A94-4A0F-8354-52223C593A8E}.Debug|Any CPU.Build.0 = Debug|Any CPU
		{E32D7760-5A94-4A0F-8354-52223C593A8E}.Release|Any CPU.ActiveCfg = Release|Any CPU
		{E32D7760-5A94-4A0F-8354-52223C593A8E}.Release|Any CPU.Build.0 = Release|Any CPU
		{119D14EE-D942-404B-A02F-BD338C7935AD}.Debug|Any CPU.ActiveCfg = Debug|Any CPU
		{119D14EE-D942-404B-A02F-BD338C7935AD}.Debug|Any CPU.Build.0 = Debug|Any CPU
		{119D14EE-D942-404B-A02F-BD338C7935AD}.Release|Any CPU.ActiveCfg = Release|Any CPU
		{119D14EE-D942-404B-A02F-BD338C7935AD}.Release|Any CPU.Build.0 = Release|Any CPU
		{0D512B46-42FE-4492-948C-1212BA371969}.Debug|Any CPU.ActiveCfg = Debug|Any CPU
		{0D512B46-42FE-4492-948C-1212BA371969}.Debug|Any CPU.Build.0 = Debug|Any CPU
		{0D512B46-42FE-4492-948C-1212BA371969}.Release|Any CPU.ActiveCfg = Release|Any CPU
		{0D512B46-42FE-4492-948C-1212BA371969}.Release|Any CPU.Build.0 = Release|Any CPU
		{437B3E80-3801-40D5-B81A-AC85166CE619}.Debug|Any CPU.ActiveCfg = Debug|Any CPU
		{437B3E80-3801-40D5-B81A-AC85166CE619}.Debug|Any CPU.Build.0 = Debug|Any CPU
		{437B3E80-3801-40D5-B81A-AC85166CE619}.Release|Any CPU.ActiveCfg = Release|Any CPU
		{437B3E80-3801-40D5-B81A-AC85166CE619}.Release|Any CPU.Build.0 = Release|Any CPU
		{7BF1DE5A-3756-4A31-8B82-491C71D263D7}.Debug|Any CPU.ActiveCfg = Debug|Any CPU
		{7BF1DE5A-3756-4A31-8B82-491C71D263D7}.Debug|Any CPU.Build.0 = Debug|Any CPU
		{7BF1DE5A-3756-4A31-8B82-491C71D263D7}.Release|Any CPU.ActiveCfg = Release|Any CPU
		{7BF1DE5A-3756-4A31-8B82-491C71D263D7}.Release|Any CPU.Build.0 = Release|Any CPU
		{F63B8AF9-E4AE-45D4-BADF-47C217FEFABA}.Debug|Any CPU.ActiveCfg = Debug|Any CPU
		{F63B8AF9-E4AE-45D4-BADF-47C217FEFABA}.Debug|Any CPU.Build.0 = Debug|Any CPU
		{F63B8AF9-E4AE-45D4-BADF-47C217FEFABA}.Release|Any CPU.ActiveCfg = Release|Any CPU
		{F63B8AF9-E4AE-45D4-BADF-47C217FEFABA}.Release|Any CPU.Build.0 = Release|Any CPU
		{6EB844DB-9982-4ECF-8C83-7947020AE988}.Debug|Any CPU.ActiveCfg = Debug|Any CPU
		{6EB844DB-9982-4ECF-8C83-7947020AE988}.Debug|Any CPU.Build.0 = Debug|Any CPU
		{6EB844DB-9982-4ECF-8C83-7947020AE988}.Release|Any CPU.ActiveCfg = Release|Any CPU
		{6EB844DB-9982-4ECF-8C83-7947020AE988}.Release|Any CPU.Build.0 = Release|Any CPU
		{4F59766C-BB3B-42D4-AB37-0E676E19350E}.Debug|Any CPU.ActiveCfg = Debug|Any CPU
		{4F59766C-BB3B-42D4-AB37-0E676E19350E}.Debug|Any CPU.Build.0 = Debug|Any CPU
		{4F59766C-BB3B-42D4-AB37-0E676E19350E}.Release|Any CPU.ActiveCfg = Release|Any CPU
		{4F59766C-BB3B-42D4-AB37-0E676E19350E}.Release|Any CPU.Build.0 = Release|Any CPU
		{DED2389A-20EE-48B2-B43B-04D6460969BD}.Debug|Any CPU.ActiveCfg = Debug|Any CPU
		{DED2389A-20EE-48B2-B43B-04D6460969BD}.Debug|Any CPU.Build.0 = Debug|Any CPU
		{DED2389A-20EE-48B2-B43B-04D6460969BD}.Release|Any CPU.ActiveCfg = Release|Any CPU
		{DED2389A-20EE-48B2-B43B-04D6460969BD}.Release|Any CPU.Build.0 = Release|Any CPU
		{097534BC-30B9-47F7-AFAD-021EBA277417}.Debug|Any CPU.ActiveCfg = Debug|Any CPU
		{097534BC-30B9-47F7-AFAD-021EBA277417}.Debug|Any CPU.Build.0 = Debug|Any CPU
		{097534BC-30B9-47F7-AFAD-021EBA277417}.Release|Any CPU.ActiveCfg = Release|Any CPU
		{097534BC-30B9-47F7-AFAD-021EBA277417}.Release|Any CPU.Build.0 = Release|Any CPU
		{285B165C-D05C-4D3D-9B3D-4917A603063C}.Debug|Any CPU.ActiveCfg = Debug|Any CPU
		{285B165C-D05C-4D3D-9B3D-4917A603063C}.Debug|Any CPU.Build.0 = Debug|Any CPU
		{285B165C-D05C-4D3D-9B3D-4917A603063C}.Release|Any CPU.ActiveCfg = Release|Any CPU
		{285B165C-D05C-4D3D-9B3D-4917A603063C}.Release|Any CPU.Build.0 = Release|Any CPU
		{375D917B-DBF4-4671-BA96-028E7DE91B06}.Debug|Any CPU.ActiveCfg = Debug|Any CPU
		{375D917B-DBF4-4671-BA96-028E7DE91B06}.Debug|Any CPU.Build.0 = Debug|Any CPU
		{375D917B-DBF4-4671-BA96-028E7DE91B06}.Release|Any CPU.ActiveCfg = Release|Any CPU
		{375D917B-DBF4-4671-BA96-028E7DE91B06}.Release|Any CPU.Build.0 = Release|Any CPU
		{5FFA1B80-CFCE-438C-B123-B14A1C0C9A89}.Debug|Any CPU.ActiveCfg = Debug|Any CPU
		{5FFA1B80-CFCE-438C-B123-B14A1C0C9A89}.Debug|Any CPU.Build.0 = Debug|Any CPU
		{5FFA1B80-CFCE-438C-B123-B14A1C0C9A89}.Release|Any CPU.ActiveCfg = Release|Any CPU
		{5FFA1B80-CFCE-438C-B123-B14A1C0C9A89}.Release|Any CPU.Build.0 = Release|Any CPU
		{38481343-B6BC-4343-9224-94869AE622C3}.Debug|Any CPU.ActiveCfg = Debug|Any CPU
		{38481343-B6BC-4343-9224-94869AE622C3}.Debug|Any CPU.Build.0 = Debug|Any CPU
		{38481343-B6BC-4343-9224-94869AE622C3}.Release|Any CPU.ActiveCfg = Release|Any CPU
		{38481343-B6BC-4343-9224-94869AE622C3}.Release|Any CPU.Build.0 = Release|Any CPU
		{60EB3DC3-0AB1-4B19-B2B5-2A5FD7BF2C5A}.Debug|Any CPU.ActiveCfg = Debug|Any CPU
		{60EB3DC3-0AB1-4B19-B2B5-2A5FD7BF2C5A}.Debug|Any CPU.Build.0 = Debug|Any CPU
		{60EB3DC3-0AB1-4B19-B2B5-2A5FD7BF2C5A}.Release|Any CPU.ActiveCfg = Release|Any CPU
		{60EB3DC3-0AB1-4B19-B2B5-2A5FD7BF2C5A}.Release|Any CPU.Build.0 = Release|Any CPU
		{A6439B8B-A87A-46EB-A810-F0A4003D0CF4}.Debug|Any CPU.ActiveCfg = Debug|Any CPU
		{A6439B8B-A87A-46EB-A810-F0A4003D0CF4}.Debug|Any CPU.Build.0 = Debug|Any CPU
		{A6439B8B-A87A-46EB-A810-F0A4003D0CF4}.Release|Any CPU.ActiveCfg = Release|Any CPU
		{A6439B8B-A87A-46EB-A810-F0A4003D0CF4}.Release|Any CPU.Build.0 = Release|Any CPU
		{7AE89A7A-ECDE-4F05-AC81-436943B2E158}.Debug|Any CPU.ActiveCfg = Debug|Any CPU
		{7AE89A7A-ECDE-4F05-AC81-436943B2E158}.Debug|Any CPU.Build.0 = Debug|Any CPU
		{7AE89A7A-ECDE-4F05-AC81-436943B2E158}.Release|Any CPU.ActiveCfg = Release|Any CPU
		{7AE89A7A-ECDE-4F05-AC81-436943B2E158}.Release|Any CPU.Build.0 = Release|Any CPU
		{E9D069CF-DFB8-4BCB-ADFC-58D0121FDF00}.Debug|Any CPU.ActiveCfg = Debug|Any CPU
		{E9D069CF-DFB8-4BCB-ADFC-58D0121FDF00}.Debug|Any CPU.Build.0 = Debug|Any CPU
		{E9D069CF-DFB8-4BCB-ADFC-58D0121FDF00}.Release|Any CPU.ActiveCfg = Release|Any CPU
		{E9D069CF-DFB8-4BCB-ADFC-58D0121FDF00}.Release|Any CPU.Build.0 = Release|Any CPU
		{1E8336CB-CD29-4686-97FB-23E919D5B75F}.Debug|Any CPU.ActiveCfg = Debug|Any CPU
		{1E8336CB-CD29-4686-97FB-23E919D5B75F}.Debug|Any CPU.Build.0 = Debug|Any CPU
		{1E8336CB-CD29-4686-97FB-23E919D5B75F}.Release|Any CPU.ActiveCfg = Release|Any CPU
		{1E8336CB-CD29-4686-97FB-23E919D5B75F}.Release|Any CPU.Build.0 = Release|Any CPU
		{A1374622-3E8E-4575-8FFA-26D29BF8DD99}.Debug|Any CPU.ActiveCfg = Debug|Any CPU
		{A1374622-3E8E-4575-8FFA-26D29BF8DD99}.Debug|Any CPU.Build.0 = Debug|Any CPU
		{A1374622-3E8E-4575-8FFA-26D29BF8DD99}.Release|Any CPU.ActiveCfg = Release|Any CPU
		{A1374622-3E8E-4575-8FFA-26D29BF8DD99}.Release|Any CPU.Build.0 = Release|Any CPU
		{A2B488B2-A536-49DF-9741-B87BDD745D8F}.Debug|Any CPU.ActiveCfg = Debug|Any CPU
		{A2B488B2-A536-49DF-9741-B87BDD745D8F}.Debug|Any CPU.Build.0 = Debug|Any CPU
		{A2B488B2-A536-49DF-9741-B87BDD745D8F}.Release|Any CPU.ActiveCfg = Release|Any CPU
		{A2B488B2-A536-49DF-9741-B87BDD745D8F}.Release|Any CPU.Build.0 = Release|Any CPU
		{C9DB83CE-B03C-467B-BB8E-AE7D69EE8F18}.Debug|Any CPU.ActiveCfg = Debug|Any CPU
		{C9DB83CE-B03C-467B-BB8E-AE7D69EE8F18}.Debug|Any CPU.Build.0 = Debug|Any CPU
		{C9DB83CE-B03C-467B-BB8E-AE7D69EE8F18}.Release|Any CPU.ActiveCfg = Release|Any CPU
		{C9DB83CE-B03C-467B-BB8E-AE7D69EE8F18}.Release|Any CPU.Build.0 = Release|Any CPU
		{954AD880-4C7D-4DEE-9455-3A670FE9767B}.Debug|Any CPU.ActiveCfg = Debug|Any CPU
		{954AD880-4C7D-4DEE-9455-3A670FE9767B}.Debug|Any CPU.Build.0 = Debug|Any CPU
		{954AD880-4C7D-4DEE-9455-3A670FE9767B}.Release|Any CPU.ActiveCfg = Release|Any CPU
		{954AD880-4C7D-4DEE-9455-3A670FE9767B}.Release|Any CPU.Build.0 = Release|Any CPU
		{45BE956C-0E3C-4472-9331-1704ED096898}.Debug|Any CPU.ActiveCfg = Debug|Any CPU
		{45BE956C-0E3C-4472-9331-1704ED096898}.Debug|Any CPU.Build.0 = Debug|Any CPU
		{45BE956C-0E3C-4472-9331-1704ED096898}.Release|Any CPU.ActiveCfg = Release|Any CPU
		{45BE956C-0E3C-4472-9331-1704ED096898}.Release|Any CPU.Build.0 = Release|Any CPU
		{7E89287E-0C17-4F8A-8A1D-9219972A5AE0}.Debug|Any CPU.ActiveCfg = Debug|Any CPU
		{7E89287E-0C17-4F8A-8A1D-9219972A5AE0}.Debug|Any CPU.Build.0 = Debug|Any CPU
		{7E89287E-0C17-4F8A-8A1D-9219972A5AE0}.Release|Any CPU.ActiveCfg = Release|Any CPU
		{7E89287E-0C17-4F8A-8A1D-9219972A5AE0}.Release|Any CPU.Build.0 = Release|Any CPU
		{A78D7CDB-780A-47E4-97FE-105688E80FC4}.Debug|Any CPU.ActiveCfg = Debug|Any CPU
		{A78D7CDB-780A-47E4-97FE-105688E80FC4}.Debug|Any CPU.Build.0 = Debug|Any CPU
		{A78D7CDB-780A-47E4-97FE-105688E80FC4}.Release|Any CPU.ActiveCfg = Release|Any CPU
		{A78D7CDB-780A-47E4-97FE-105688E80FC4}.Release|Any CPU.Build.0 = Release|Any CPU
		{DF17CFE9-7689-47E4-9378-69D1E5F36EEE}.Debug|Any CPU.ActiveCfg = Debug|Any CPU
		{DF17CFE9-7689-47E4-9378-69D1E5F36EEE}.Debug|Any CPU.Build.0 = Debug|Any CPU
		{DF17CFE9-7689-47E4-9378-69D1E5F36EEE}.Release|Any CPU.ActiveCfg = Release|Any CPU
		{DF17CFE9-7689-47E4-9378-69D1E5F36EEE}.Release|Any CPU.Build.0 = Release|Any CPU
		{7AC6CC32-81CB-450F-A494-9FFBDA05C626}.Debug|Any CPU.ActiveCfg = Debug|Any CPU
		{7AC6CC32-81CB-450F-A494-9FFBDA05C626}.Debug|Any CPU.Build.0 = Debug|Any CPU
		{7AC6CC32-81CB-450F-A494-9FFBDA05C626}.Release|Any CPU.ActiveCfg = Release|Any CPU
		{7AC6CC32-81CB-450F-A494-9FFBDA05C626}.Release|Any CPU.Build.0 = Release|Any CPU
		{B1414AF0-5B5A-4129-A997-0BDE4B8C2C94}.Debug|Any CPU.ActiveCfg = Debug|Any CPU
		{B1414AF0-5B5A-4129-A997-0BDE4B8C2C94}.Debug|Any CPU.Build.0 = Debug|Any CPU
		{B1414AF0-5B5A-4129-A997-0BDE4B8C2C94}.Release|Any CPU.ActiveCfg = Release|Any CPU
		{B1414AF0-5B5A-4129-A997-0BDE4B8C2C94}.Release|Any CPU.Build.0 = Release|Any CPU
		{E9B0A836-06F6-4B09-8B53-BFEE0B75224F}.Debug|Any CPU.ActiveCfg = Debug|Any CPU
		{E9B0A836-06F6-4B09-8B53-BFEE0B75224F}.Debug|Any CPU.Build.0 = Debug|Any CPU
		{E9B0A836-06F6-4B09-8B53-BFEE0B75224F}.Release|Any CPU.ActiveCfg = Release|Any CPU
		{E9B0A836-06F6-4B09-8B53-BFEE0B75224F}.Release|Any CPU.Build.0 = Release|Any CPU
		{83839DC2-9B27-4DAE-8111-0FB481FBA0A8}.Debug|Any CPU.ActiveCfg = Debug|Any CPU
		{83839DC2-9B27-4DAE-8111-0FB481FBA0A8}.Debug|Any CPU.Build.0 = Debug|Any CPU
		{83839DC2-9B27-4DAE-8111-0FB481FBA0A8}.Release|Any CPU.ActiveCfg = Release|Any CPU
		{83839DC2-9B27-4DAE-8111-0FB481FBA0A8}.Release|Any CPU.Build.0 = Release|Any CPU
		{4D432CD3-BAB4-40E9-AFD2-3187B791E9AA}.Debug|Any CPU.ActiveCfg = Debug|Any CPU
		{4D432CD3-BAB4-40E9-AFD2-3187B791E9AA}.Debug|Any CPU.Build.0 = Debug|Any CPU
		{4D432CD3-BAB4-40E9-AFD2-3187B791E9AA}.Release|Any CPU.ActiveCfg = Release|Any CPU
		{4D432CD3-BAB4-40E9-AFD2-3187B791E9AA}.Release|Any CPU.Build.0 = Release|Any CPU
		{66FE46F2-986C-4B7C-A440-CCC1AE37784B}.Debug|Any CPU.ActiveCfg = Debug|Any CPU
		{66FE46F2-986C-4B7C-A440-CCC1AE37784B}.Debug|Any CPU.Build.0 = Debug|Any CPU
		{66FE46F2-986C-4B7C-A440-CCC1AE37784B}.Release|Any CPU.ActiveCfg = Release|Any CPU
		{66FE46F2-986C-4B7C-A440-CCC1AE37784B}.Release|Any CPU.Build.0 = Release|Any CPU
		{56197651-69AB-403A-B789-D8D770BD91EE}.Debug|Any CPU.ActiveCfg = Debug|Any CPU
		{56197651-69AB-403A-B789-D8D770BD91EE}.Debug|Any CPU.Build.0 = Debug|Any CPU
		{56197651-69AB-403A-B789-D8D770BD91EE}.Release|Any CPU.ActiveCfg = Release|Any CPU
		{56197651-69AB-403A-B789-D8D770BD91EE}.Release|Any CPU.Build.0 = Release|Any CPU
		{139E3D20-B79C-478D-B3BB-BC9BB01F32D0}.Debug|Any CPU.ActiveCfg = Debug|Any CPU
		{139E3D20-B79C-478D-B3BB-BC9BB01F32D0}.Debug|Any CPU.Build.0 = Debug|Any CPU
		{139E3D20-B79C-478D-B3BB-BC9BB01F32D0}.Release|Any CPU.ActiveCfg = Release|Any CPU
		{139E3D20-B79C-478D-B3BB-BC9BB01F32D0}.Release|Any CPU.Build.0 = Release|Any CPU
		{2B120D6E-DF82-4AC9-ACC9-1363249B8E13}.Debug|Any CPU.ActiveCfg = Debug|Any CPU
		{2B120D6E-DF82-4AC9-ACC9-1363249B8E13}.Debug|Any CPU.Build.0 = Debug|Any CPU
		{2B120D6E-DF82-4AC9-ACC9-1363249B8E13}.Release|Any CPU.ActiveCfg = Release|Any CPU
		{2B120D6E-DF82-4AC9-ACC9-1363249B8E13}.Release|Any CPU.Build.0 = Release|Any CPU
		{529768DA-DF59-416B-B180-EE5F742474F9}.Debug|Any CPU.ActiveCfg = Debug|Any CPU
		{529768DA-DF59-416B-B180-EE5F742474F9}.Debug|Any CPU.Build.0 = Debug|Any CPU
		{529768DA-DF59-416B-B180-EE5F742474F9}.Release|Any CPU.ActiveCfg = Release|Any CPU
		{529768DA-DF59-416B-B180-EE5F742474F9}.Release|Any CPU.Build.0 = Release|Any CPU
		{590DC146-6BA1-4202-995D-9E46951A0E57}.Debug|Any CPU.ActiveCfg = Debug|Any CPU
		{590DC146-6BA1-4202-995D-9E46951A0E57}.Debug|Any CPU.Build.0 = Debug|Any CPU
		{590DC146-6BA1-4202-995D-9E46951A0E57}.Release|Any CPU.ActiveCfg = Release|Any CPU
		{590DC146-6BA1-4202-995D-9E46951A0E57}.Release|Any CPU.Build.0 = Release|Any CPU
		{1FB70D66-D1D2-46B5-8C95-83B7A770781E}.Debug|Any CPU.ActiveCfg = Debug|Any CPU
		{1FB70D66-D1D2-46B5-8C95-83B7A770781E}.Debug|Any CPU.Build.0 = Debug|Any CPU
		{1FB70D66-D1D2-46B5-8C95-83B7A770781E}.Release|Any CPU.ActiveCfg = Release|Any CPU
		{1FB70D66-D1D2-46B5-8C95-83B7A770781E}.Release|Any CPU.Build.0 = Release|Any CPU
		{4DB11B5C-2618-4E36-A2FF-2AA4CB328483}.Debug|Any CPU.ActiveCfg = Debug|Any CPU
		{4DB11B5C-2618-4E36-A2FF-2AA4CB328483}.Debug|Any CPU.Build.0 = Debug|Any CPU
		{4DB11B5C-2618-4E36-A2FF-2AA4CB328483}.Release|Any CPU.ActiveCfg = Release|Any CPU
		{4DB11B5C-2618-4E36-A2FF-2AA4CB328483}.Release|Any CPU.Build.0 = Release|Any CPU
		{201D4EED-C13C-4645-8EFF-7310ADAC4911}.Debug|Any CPU.ActiveCfg = Debug|Any CPU
		{201D4EED-C13C-4645-8EFF-7310ADAC4911}.Debug|Any CPU.Build.0 = Debug|Any CPU
		{201D4EED-C13C-4645-8EFF-7310ADAC4911}.Release|Any CPU.ActiveCfg = Release|Any CPU
		{201D4EED-C13C-4645-8EFF-7310ADAC4911}.Release|Any CPU.Build.0 = Release|Any CPU
		{EFB2E2E9-B069-4507-9F39-5FAA1DE3DDE2}.Debug|Any CPU.ActiveCfg = Debug|Any CPU
		{EFB2E2E9-B069-4507-9F39-5FAA1DE3DDE2}.Debug|Any CPU.Build.0 = Debug|Any CPU
		{EFB2E2E9-B069-4507-9F39-5FAA1DE3DDE2}.Release|Any CPU.ActiveCfg = Release|Any CPU
		{EFB2E2E9-B069-4507-9F39-5FAA1DE3DDE2}.Release|Any CPU.Build.0 = Release|Any CPU
		{FF531004-0787-4331-8565-BC930F44BBB7}.Debug|Any CPU.ActiveCfg = Debug|Any CPU
		{FF531004-0787-4331-8565-BC930F44BBB7}.Debug|Any CPU.Build.0 = Debug|Any CPU
		{FF531004-0787-4331-8565-BC930F44BBB7}.Release|Any CPU.ActiveCfg = Release|Any CPU
		{FF531004-0787-4331-8565-BC930F44BBB7}.Release|Any CPU.Build.0 = Release|Any CPU
		{7CDCE5A4-B007-4B88-B7B0-5CD463AE9304}.Debug|Any CPU.ActiveCfg = Debug|Any CPU
		{7CDCE5A4-B007-4B88-B7B0-5CD463AE9304}.Debug|Any CPU.Build.0 = Debug|Any CPU
		{7CDCE5A4-B007-4B88-B7B0-5CD463AE9304}.Release|Any CPU.ActiveCfg = Release|Any CPU
		{7CDCE5A4-B007-4B88-B7B0-5CD463AE9304}.Release|Any CPU.Build.0 = Release|Any CPU
		{A0FF000A-3E32-48A6-B815-2A99665C1934}.Debug|Any CPU.ActiveCfg = Debug|Any CPU
		{A0FF000A-3E32-48A6-B815-2A99665C1934}.Debug|Any CPU.Build.0 = Debug|Any CPU
		{A0FF000A-3E32-48A6-B815-2A99665C1934}.Release|Any CPU.ActiveCfg = Release|Any CPU
		{A0FF000A-3E32-48A6-B815-2A99665C1934}.Release|Any CPU.Build.0 = Release|Any CPU
		{BA3B12B1-2758-489E-AEAA-37F3516DB0E0}.Debug|Any CPU.ActiveCfg = Debug|Any CPU
		{BA3B12B1-2758-489E-AEAA-37F3516DB0E0}.Debug|Any CPU.Build.0 = Debug|Any CPU
		{BA3B12B1-2758-489E-AEAA-37F3516DB0E0}.Release|Any CPU.ActiveCfg = Release|Any CPU
		{BA3B12B1-2758-489E-AEAA-37F3516DB0E0}.Release|Any CPU.Build.0 = Release|Any CPU
		{0E76CF28-C1A8-417C-B672-10B6E0AFF102}.Debug|Any CPU.ActiveCfg = Debug|Any CPU
		{0E76CF28-C1A8-417C-B672-10B6E0AFF102}.Debug|Any CPU.Build.0 = Debug|Any CPU
		{0E76CF28-C1A8-417C-B672-10B6E0AFF102}.Release|Any CPU.ActiveCfg = Release|Any CPU
		{0E76CF28-C1A8-417C-B672-10B6E0AFF102}.Release|Any CPU.Build.0 = Release|Any CPU
		{404C2FFA-F10F-44D6-9B83-49A0D291BD3D}.Debug|Any CPU.ActiveCfg = Debug|Any CPU
		{404C2FFA-F10F-44D6-9B83-49A0D291BD3D}.Debug|Any CPU.Build.0 = Debug|Any CPU
		{404C2FFA-F10F-44D6-9B83-49A0D291BD3D}.Release|Any CPU.ActiveCfg = Release|Any CPU
		{404C2FFA-F10F-44D6-9B83-49A0D291BD3D}.Release|Any CPU.Build.0 = Release|Any CPU
		{2A472945-6847-41C6-8722-1F5EEEB1A46D}.Debug|Any CPU.ActiveCfg = Debug|Any CPU
		{2A472945-6847-41C6-8722-1F5EEEB1A46D}.Debug|Any CPU.Build.0 = Debug|Any CPU
		{2A472945-6847-41C6-8722-1F5EEEB1A46D}.Release|Any CPU.ActiveCfg = Release|Any CPU
		{2A472945-6847-41C6-8722-1F5EEEB1A46D}.Release|Any CPU.Build.0 = Release|Any CPU
		{B0BA38FC-6151-4E91-9467-B4308D2003C0}.Debug|Any CPU.ActiveCfg = Debug|Any CPU
		{B0BA38FC-6151-4E91-9467-B4308D2003C0}.Debug|Any CPU.Build.0 = Debug|Any CPU
		{B0BA38FC-6151-4E91-9467-B4308D2003C0}.Release|Any CPU.ActiveCfg = Release|Any CPU
		{B0BA38FC-6151-4E91-9467-B4308D2003C0}.Release|Any CPU.Build.0 = Release|Any CPU
		{A530B972-73AD-4C5B-A8A0-E0059FA3E103}.Debug|Any CPU.ActiveCfg = Debug|Any CPU
		{A530B972-73AD-4C5B-A8A0-E0059FA3E103}.Debug|Any CPU.Build.0 = Debug|Any CPU
		{A530B972-73AD-4C5B-A8A0-E0059FA3E103}.Release|Any CPU.ActiveCfg = Release|Any CPU
		{A530B972-73AD-4C5B-A8A0-E0059FA3E103}.Release|Any CPU.Build.0 = Release|Any CPU
		{0FF8FEA3-04FB-475C-9F56-D9337652C05A}.Debug|Any CPU.ActiveCfg = Debug|Any CPU
		{0FF8FEA3-04FB-475C-9F56-D9337652C05A}.Debug|Any CPU.Build.0 = Debug|Any CPU
		{0FF8FEA3-04FB-475C-9F56-D9337652C05A}.Release|Any CPU.ActiveCfg = Release|Any CPU
		{0FF8FEA3-04FB-475C-9F56-D9337652C05A}.Release|Any CPU.Build.0 = Release|Any CPU
		{305043FB-253C-462E-806D-0714340464CC}.Debug|Any CPU.ActiveCfg = Debug|Any CPU
		{305043FB-253C-462E-806D-0714340464CC}.Debug|Any CPU.Build.0 = Debug|Any CPU
		{305043FB-253C-462E-806D-0714340464CC}.Release|Any CPU.ActiveCfg = Release|Any CPU
		{305043FB-253C-462E-806D-0714340464CC}.Release|Any CPU.Build.0 = Release|Any CPU
		{3C2C025D-5A91-425C-A32C-0DD5398E4E14}.Debug|Any CPU.ActiveCfg = Debug|Any CPU
		{3C2C025D-5A91-425C-A32C-0DD5398E4E14}.Debug|Any CPU.Build.0 = Debug|Any CPU
		{3C2C025D-5A91-425C-A32C-0DD5398E4E14}.Release|Any CPU.ActiveCfg = Release|Any CPU
		{3C2C025D-5A91-425C-A32C-0DD5398E4E14}.Release|Any CPU.Build.0 = Release|Any CPU
		{30D10FBA-D93E-4C5A-B7C3-1392F89838D5}.Debug|Any CPU.ActiveCfg = Debug|Any CPU
		{30D10FBA-D93E-4C5A-B7C3-1392F89838D5}.Debug|Any CPU.Build.0 = Debug|Any CPU
		{30D10FBA-D93E-4C5A-B7C3-1392F89838D5}.Release|Any CPU.ActiveCfg = Release|Any CPU
		{30D10FBA-D93E-4C5A-B7C3-1392F89838D5}.Release|Any CPU.Build.0 = Release|Any CPU
	EndGlobalSection
	GlobalSection(SolutionProperties) = preSolution
		HideSolutionNode = FALSE
	EndGlobalSection
	GlobalSection(NestedProjects) = preSolution
		{CD3B01AB-CCC4-4324-AC06-9E0EC3DF4C2F} = {799A5437-62C7-4385-95CC-ADEB4177B3FA}
		{40892CEA-FD47-4C1F-B821-7939776E9B6B} = {A179698A-C1A1-4F6D-8662-EFDCA0BAA982}
		{79494592-2FE0-429E-8F79-CB97863378DC} = {799A5437-62C7-4385-95CC-ADEB4177B3FA}
		{F67CF883-208D-4721-B1B0-0625D7FA07D1} = {A179698A-C1A1-4F6D-8662-EFDCA0BAA982}
		{3C83CD91-EF5C-46AB-A5E0-EE038A608A62} = {799A5437-62C7-4385-95CC-ADEB4177B3FA}
		{E3A54166-4231-47E7-BA4C-A391CDD6937D} = {C46E9FBF-3520-4EAF-9CF4-F94272BF4FC2}
		{2072379B-B40A-4D0E-A2E7-8FA8BF40C0AB} = {799A5437-62C7-4385-95CC-ADEB4177B3FA}
		{748FB901-3754-49E4-8E31-D09005CBA44E} = {C46E9FBF-3520-4EAF-9CF4-F94272BF4FC2}
		{E32D7760-5A94-4A0F-8354-52223C593A8E} = {799A5437-62C7-4385-95CC-ADEB4177B3FA}
		{119D14EE-D942-404B-A02F-BD338C7935AD} = {A179698A-C1A1-4F6D-8662-EFDCA0BAA982}
		{0D512B46-42FE-4492-948C-1212BA371969} = {A179698A-C1A1-4F6D-8662-EFDCA0BAA982}
		{437B3E80-3801-40D5-B81A-AC85166CE619} = {799A5437-62C7-4385-95CC-ADEB4177B3FA}
		{7BF1DE5A-3756-4A31-8B82-491C71D263D7} = {FDE463BE-30E0-4A3A-8B34-4E4C02F3D186}
		{F63B8AF9-E4AE-45D4-BADF-47C217FEFABA} = {A179698A-C1A1-4F6D-8662-EFDCA0BAA982}
		{6EB844DB-9982-4ECF-8C83-7947020AE988} = {C46E9FBF-3520-4EAF-9CF4-F94272BF4FC2}
		{4F59766C-BB3B-42D4-AB37-0E676E19350E} = {C46E9FBF-3520-4EAF-9CF4-F94272BF4FC2}
		{DED2389A-20EE-48B2-B43B-04D6460969BD} = {A179698A-C1A1-4F6D-8662-EFDCA0BAA982}
		{097534BC-30B9-47F7-AFAD-021EBA277417} = {799A5437-62C7-4385-95CC-ADEB4177B3FA}
		{285B165C-D05C-4D3D-9B3D-4917A603063C} = {799A5437-62C7-4385-95CC-ADEB4177B3FA}
		{375D917B-DBF4-4671-BA96-028E7DE91B06} = {799A5437-62C7-4385-95CC-ADEB4177B3FA}
		{5FFA1B80-CFCE-438C-B123-B14A1C0C9A89} = {C46E9FBF-3520-4EAF-9CF4-F94272BF4FC2}
		{38481343-B6BC-4343-9224-94869AE622C3} = {3AE34720-8DD6-4332-9DF7-9E16A79B94A1}
		{60EB3DC3-0AB1-4B19-B2B5-2A5FD7BF2C5A} = {A179698A-C1A1-4F6D-8662-EFDCA0BAA982}
		{A6439B8B-A87A-46EB-A810-F0A4003D0CF4} = {3AE34720-8DD6-4332-9DF7-9E16A79B94A1}
		{7AE89A7A-ECDE-4F05-AC81-436943B2E158} = {A179698A-C1A1-4F6D-8662-EFDCA0BAA982}
		{E9D069CF-DFB8-4BCB-ADFC-58D0121FDF00} = {3AE34720-8DD6-4332-9DF7-9E16A79B94A1}
		{1E8336CB-CD29-4686-97FB-23E919D5B75F} = {A179698A-C1A1-4F6D-8662-EFDCA0BAA982}
		{A1374622-3E8E-4575-8FFA-26D29BF8DD99} = {A179698A-C1A1-4F6D-8662-EFDCA0BAA982}
		{A2B488B2-A536-49DF-9741-B87BDD745D8F} = {402F5682-5851-4DC5-AC3D-B176A302BBE1}
		{C9DB83CE-B03C-467B-BB8E-AE7D69EE8F18} = {402F5682-5851-4DC5-AC3D-B176A302BBE1}
		{954AD880-4C7D-4DEE-9455-3A670FE9767B} = {A179698A-C1A1-4F6D-8662-EFDCA0BAA982}
		{45BE956C-0E3C-4472-9331-1704ED096898} = {C46E9FBF-3520-4EAF-9CF4-F94272BF4FC2}
		{7E89287E-0C17-4F8A-8A1D-9219972A5AE0} = {A179698A-C1A1-4F6D-8662-EFDCA0BAA982}
		{A78D7CDB-780A-47E4-97FE-105688E80FC4} = {DB65484E-BE1F-4944-B216-4A57026360EB}
		{DF17CFE9-7689-47E4-9378-69D1E5F36EEE} = {DB65484E-BE1F-4944-B216-4A57026360EB}
		{7AC6CC32-81CB-450F-A494-9FFBDA05C626} = {DB65484E-BE1F-4944-B216-4A57026360EB}
		{B1414AF0-5B5A-4129-A997-0BDE4B8C2C94} = {DB65484E-BE1F-4944-B216-4A57026360EB}
		{E9B0A836-06F6-4B09-8B53-BFEE0B75224F} = {B9C4C533-8EA0-4DD0-887E-4C5734F27238}
		{83839DC2-9B27-4DAE-8111-0FB481FBA0A8} = {B9C4C533-8EA0-4DD0-887E-4C5734F27238}
		{4D432CD3-BAB4-40E9-AFD2-3187B791E9AA} = {B9C4C533-8EA0-4DD0-887E-4C5734F27238}
		{66FE46F2-986C-4B7C-A440-CCC1AE37784B} = {B9C4C533-8EA0-4DD0-887E-4C5734F27238}
		{56197651-69AB-403A-B789-D8D770BD91EE} = {C46E9FBF-3520-4EAF-9CF4-F94272BF4FC2}
		{139E3D20-B79C-478D-B3BB-BC9BB01F32D0} = {C46E9FBF-3520-4EAF-9CF4-F94272BF4FC2}
		{2B120D6E-DF82-4AC9-ACC9-1363249B8E13} = {A179698A-C1A1-4F6D-8662-EFDCA0BAA982}
		{529768DA-DF59-416B-B180-EE5F742474F9} = {FDE463BE-30E0-4A3A-8B34-4E4C02F3D186}
		{590DC146-6BA1-4202-995D-9E46951A0E57} = {C46E9FBF-3520-4EAF-9CF4-F94272BF4FC2}
		{1FB70D66-D1D2-46B5-8C95-83B7A770781E} = {DB65484E-BE1F-4944-B216-4A57026360EB}
		{4DB11B5C-2618-4E36-A2FF-2AA4CB328483} = {799A5437-62C7-4385-95CC-ADEB4177B3FA}
		{201D4EED-C13C-4645-8EFF-7310ADAC4911} = {DB65484E-BE1F-4944-B216-4A57026360EB}
		{EFB2E2E9-B069-4507-9F39-5FAA1DE3DDE2} = {C46E9FBF-3520-4EAF-9CF4-F94272BF4FC2}
		{FF531004-0787-4331-8565-BC930F44BBB7} = {C46E9FBF-3520-4EAF-9CF4-F94272BF4FC2}
		{7CDCE5A4-B007-4B88-B7B0-5CD463AE9304} = {AC63E1AA-495D-4BD9-AF56-810DA6CBB5E2}
		{A0FF000A-3E32-48A6-B815-2A99665C1934} = {DB65484E-BE1F-4944-B216-4A57026360EB}
		{BA3B12B1-2758-489E-AEAA-37F3516DB0E0} = {799A5437-62C7-4385-95CC-ADEB4177B3FA}
		{0E76CF28-C1A8-417C-B672-10B6E0AFF102} = {DB65484E-BE1F-4944-B216-4A57026360EB}
		{62885FB2-C06E-42F6-8C0C-D9425A9BA774} = {5D5FA217-25F5-4EF5-BADA-7691B883E274}
		{404C2FFA-F10F-44D6-9B83-49A0D291BD3D} = {AC63E1AA-495D-4BD9-AF56-810DA6CBB5E2}
		{2A472945-6847-41C6-8722-1F5EEEB1A46D} = {799A5437-62C7-4385-95CC-ADEB4177B3FA}
		{B0BA38FC-6151-4E91-9467-B4308D2003C0} = {C46E9FBF-3520-4EAF-9CF4-F94272BF4FC2}
		{A530B972-73AD-4C5B-A8A0-E0059FA3E103} = {799A5437-62C7-4385-95CC-ADEB4177B3FA}
		{0FF8FEA3-04FB-475C-9F56-D9337652C05A} = {799A5437-62C7-4385-95CC-ADEB4177B3FA}
		{305043FB-253C-462E-806D-0714340464CC} = {B9C4C533-8EA0-4DD0-887E-4C5734F27238}
		{3C2C025D-5A91-425C-A32C-0DD5398E4E14} = {C46E9FBF-3520-4EAF-9CF4-F94272BF4FC2}
		{30D10FBA-D93E-4C5A-B7C3-1392F89838D5} = {DB65484E-BE1F-4944-B216-4A57026360EB}
	EndGlobalSection
EndGlobal
